<?xml version="1.0" encoding="UTF-8" standalone="yes" ?>
<CodeBlocks_project_file>
	<FileVersion major="1" minor="6" />
	<Project>
		<Option title="Dino_Sprint" />
		<Option pch_mode="2" />
		<Option compiler="gcc" />
		<Build>
			<Target title="Debug (Windows)">
				<Option output="bin/Debug/Dino_Sprint" prefix_auto="1" extension_auto="1" />
				<Option working_dir="." />
				<Option object_output="obj/Debug/" />
				<Option type="1" />
				<Option compiler="gcc" />
				<Compiler>
					<Add option="-g" />
				</Compiler>
				<Linker>
					<Add library="freeglut" />
					<Add library="opengl32" />
					<Add library="glu32" />
					<Add library="winmm" />
					<Add library="gdi32" />
				</Linker>
			</Target>
			<Target title="Release (Windows)">
				<Option output="bin/Release/Dino_Sprint" prefix_auto="1" extension_auto="1" />
				<Option working_dir="." />
				<Option object_output="obj/Release/" />
				<Option type="0" />
				<Option compiler="gcc" />
				<Compiler>
					<Add option="-O2" />
				</Compiler>
				<Linker>
					<Add option="-s" />
					<Add library="freeglut" />
					<Add library="opengl32" />
					<Add library="glu32" />
					<Add library="winmm" />
					<Add library="gdi32" />
				</Linker>
			</Target>
			<Target title="Debug (macOS)">
				<Option output="bin/Debug/Dino_Sprint" prefix_auto="1" extension_auto="1" />
				<Option working_dir="." />
				<Option object_output="obj/Debug/" />
				<Option type="1" />
				<Option compiler="gcc" />
				<Compiler>
					<Add option="-g" />
				</Compiler>
				<Linker>
					<Add option="-framework GLUT" />
					<Add option="-framework OpenGL" />
				</Linker>
			</Target>
			<Target title="Release (macOS)">
				<Option output="bin/Release/Dino_Sprint" prefix_auto="1" extension_auto="1" />
				<Option working_dir="." />
				<Option object_output="obj/Release/" />
				<Option type="0" />
				<Option compiler="gcc" />
				<Compiler>
					<Add option="-O2" />
				</Compiler>
				<Linker>
					<Add option="-framework GLUT" />
					<Add option="-framework OpenGL" />
				</Linker>
			</Target>
		</Build>
		<Compiler>
			<Add option="-std=c++17" />
			<Add option="-Wall" />
			<Add option="-Wextra" />
			<Add option="-DGL_SILENCE_DEPRECATION" />
			<Add directory="src" />
			<Add directory="src/core" />
			<Add directory="src/characters" />
			<Add directory="src/background" />
			<Add directory="src/entities" />
			<Add directory="src/ui" />
		</Compiler>
		<Unit filename="src/Config.h" />
		<Unit filename="src/main.cpp" />
		<Unit filename="src/core/GameState.h" />
		<Unit filename="src/core/GameState.cpp" />
		<Unit filename="src/core/InputManager.h" />
		<Unit filename="src/core/InputManager.cpp" />
		<Unit filename="src/core/Intro.h" />
		<Unit filename="src/core/Intro.cpp" />
		<Unit filename="src/background/Background.h" />
		<Unit filename="src/background/Background.cpp" />
		<Unit filename="src/background/Birds.h" />
		<Unit filename="src/background/Birds.cpp" />
		<Unit filename="src/background/Monkey.h" />
		<Unit filename="src/background/Monkey.cpp" />
		<Unit filename="src/background/SceneUtil.h" />
		<Unit filename="src/background/DesertScene.h" />
		<Unit filename="src/background/DesertScene.cpp" />
		<Unit filename="src/background/JungleScene.h" />
		<Unit filename="src/background/JungleScene.cpp" />
		<Unit filename="src/characters/Dino.h" />
		<Unit filename="src/characters/Dino.cpp" />
		<Unit filename="src/characters/Roshni.h" />
		<Unit filename="src/characters/Roshni.cpp" />
		<Unit filename="src/characters/Siam.h" />
		<Unit filename="src/characters/Siam.cpp" />
		<Unit filename="src/entities/Obstacle.h" />
		<Unit filename="src/entities/Obstacle.cpp" />
		<Unit filename="src/entities/PointsItem.h" />
		<Unit filename="src/entities/PointsItem.cpp" />
		<Unit filename="src/entities/Dragon.h" />
		<Unit filename="src/entities/Dragon.cpp" />
		<Unit filename="src/ui/Menu.h" />
		<Unit filename="src/ui/Menu.cpp" />
		<Unit filename="src/ui/Score.h" />
		<Unit filename="src/ui/Score.cpp" />
		<Extensions>
			<lib_finder disable_auto="1" />
		</Extensions>
	</Project>
</CodeBlocks_project_file>
